{
  "name": "miniprogram",
  "version": "1.0.0",
  "lockfileVersion": 2,
  "requires": true,
  "packages": {
    "": {
      "name": "miniprogram",
      "version": "1.0.0",
      "license": "ISC",
      "dependencies": {
        "@vant/weapp": "^1.11.0",
        "miniprogram-sm-crypto": "^0.3.12",
        "mobx-miniprogram": "^4.13.2",
        "mobx-miniprogram-bindings": "^2.1.5",
        "weui-miniprogram": "^1.2.10"
      }
    },
    "node_modules/@types/wechat-miniprogram": {
      "version": "3.4.3",
      "resolved": "https://registry.npmjs.org/@types/wechat-miniprogram/-/wechat-miniprogram-3.4.3.tgz",
      "integrity": "sha512-u6uhAjJxUdMX4aEu3EgDWVhYsNLEhfbJUC7qQOoYE5pDGm+Y+6mtG78CtXeH1aYHuQMHIKa0twzg/1OeBpKOTA=="
    },
    "node_modules/@vant/weapp": {
      "version": "1.11.0",
      "resolved": "https://registry.npmjs.org/@vant/weapp/-/weapp-1.11.0.tgz",
      "integrity": "sha512-4m0w6H6VSYOXmTcTaoZPlTMCF8+dD0MdccBvM8UGXACkT8xuYlSBzHcttr089hpVknaaGoYn2zub1l3bzIv2Uw=="
    },
    "node_modules/jsbn": {
      "version": "1.1.0",
      "resolved": "https://registry.npmjs.org/jsbn/-/jsbn-1.1.0.tgz",
      "integrity": "sha512-4bYVV3aAMtDTTu4+xsDYa6sy9GyJ69/amsu9sYF2zqjiEoZA5xJi3BrfX3uY+/IekIu7MwdObdbDWpoZdBv3/A=="
    },
    "node_modules/miniprogram-sm-crypto": {
      "version": "0.3.12",
      "resolved": "https://registry.npmjs.org/miniprogram-sm-crypto/-/miniprogram-sm-crypto-0.3.12.tgz",
      "integrity": "sha512-/Wani+gluE8mD3Q+6VeHTjooLD+mS0lo6kS9FIS3XSCh2m8z446sXrFtmENN6pJgh7iB2YJTyFiXgBihNt2/yw==",
      "dependencies": {
        "jsbn": "^1.1.0"
      }
    },
    "node_modules/mobx-miniprogram": {
      "version": "4.13.2",
      "resolved": "https://registry.npmjs.org/mobx-miniprogram/-/mobx-miniprogram-4.13.2.tgz",
      "integrity": "sha512-C3HtkqHCLKp35N2gXA80yFD6PNfSqwioPFmnjTQpBLrEqYm1F6yiWZ57CW+8FqgmR306mw6ZfsM5q7hSTHw8BQ=="
    },
    "node_modules/mobx-miniprogram-bindings": {
      "version": "2.1.5",
      "resolved": "https://registry.npmjs.org/mobx-miniprogram-bindings/-/mobx-miniprogram-bindings-2.1.5.tgz",
      "integrity": "sha512-2HuiQL5FPgoYJ8XIMdw5iD6XT61LtsujaGyizbN845iZcsLmrKZiF0dKd4jQTSuC/6rGozqqhcy0sDc7qcpjYQ==",
      "dependencies": {
        "@types/wechat-miniprogram": "^3.4.0"
      },
      "peerDependencies": {
        "mobx-miniprogram": "^4.0.0"
      }
    },
    "node_modules/weui-miniprogram": {
      "version": "1.2.10",
      "resolved": "https://registry.npmjs.org/weui-miniprogram/-/weui-miniprogram-1.2.10.tgz",
      "integrity": "sha512-BVT9zj4KBy55RcYaqqWigt23g0tuZAPeuxAo7Uv7G76/zuDMJbnnAmIj7kCwhSesMF8/7xLBt9J0r2GC1NzEPg=="
    }
  },
  "dependencies": {
    "@types/wechat-miniprogram": {
      "version": "3.4.3",
      "resolved": "https://registry.npmjs.org/@types/wechat-miniprogram/-/wechat-miniprogram-3.4.3.tgz",
      "integrity": "sha512-u6uhAjJxUdMX4aEu3EgDWVhYsNLEhfbJUC7qQOoYE5pDGm+Y+6mtG78CtXeH1aYHuQMHIKa0twzg/1OeBpKOTA=="
    },
    "@vant/weapp": {
      "version": "1.11.0",
      "resolved": "https://registry.npmjs.org/@vant/weapp/-/weapp-1.11.0.tgz",
      "integrity": "sha512-4m0w6H6VSYOXmTcTaoZPlTMCF8+dD0MdccBvM8UGXACkT8xuYlSBzHcttr089hpVknaaGoYn2zub1l3bzIv2Uw=="
    },
    "jsbn": {
      "version": "1.1.0",
      "resolved": "https://registry.npmjs.org/jsbn/-/jsbn-1.1.0.tgz",
      "integrity": "sha512-4bYVV3aAMtDTTu4+xsDYa6sy9GyJ69/amsu9sYF2zqjiEoZA5xJi3BrfX3uY+/IekIu7MwdObdbDWpoZdBv3/A=="
    },
    "miniprogram-sm-crypto": {
      "version": "0.3.12",
      "resolved": "https://registry.npmjs.org/miniprogram-sm-crypto/-/miniprogram-sm-crypto-0.3.12.tgz",
      "integrity": "sha512-/Wani+gluE8mD3Q+6VeHTjooLD+mS0lo6kS9FIS3XSCh2m8z446sXrFtmENN6pJgh7iB2YJTyFiXgBihNt2/yw==",
      "requires": {
        "jsbn": "^1.1.0"
      }
    },
    "mobx-miniprogram": {
      "version": "4.13.2",
      "resolved": "https://registry.npmjs.org/mobx-miniprogram/-/mobx-miniprogram-4.13.2.tgz",
      "integrity": "sha512-C3HtkqHCLKp35N2gXA80yFD6PNfSqwioPFmnjTQpBLrEqYm1F6yiWZ57CW+8FqgmR306mw6ZfsM5q7hSTHw8BQ=="
    },
    "mobx-miniprogram-bindings": {
      "version": "2.1.5",
      "resolved": "https://registry.npmjs.org/mobx-miniprogram-bindings/-/mobx-miniprogram-bindings-2.1.5.tgz",
      "integrity": "sha512-2HuiQL5FPgoYJ8XIMdw5iD6XT61LtsujaGyizbN845iZcsLmrKZiF0dKd4jQTSuC/6rGozqqhcy0sDc7qcpjYQ==",
      "requires": {
        "@types/wechat-miniprogram": "^3.4.0"
      }
    },
    "weui-miniprogram": {
      "version": "1.2.10",
      "resolved": "https://registry.npmjs.org/weui-miniprogram/-/weui-miniprogram-1.2.10.tgz",
      "integrity": "sha512-BVT9zj4KBy55RcYaqqWigt23g0tuZAPeuxAo7Uv7G76/zuDMJbnnAmIj7kCwhSesMF8/7xLBt9J0r2GC1NzEPg=="
    }
  }
}
