# THIS IS AN AUTOGENERATED FILE. DO NOT EDIT THIS FILE DIRECTLY.
# yarn lockfile v1


"@types/wechat-miniprogram@^3.4.0":
  "integrity" "sha512-u6uhAjJxUdMX4aEu3EgDWVhYsNLEhfbJUC7qQOoYE5pDGm+Y+6mtG78CtXeH1aYHuQMHIKa0twzg/1OeBpKOTA=="
  "resolved" "https://registry.npmjs.org/@types/wechat-miniprogram/-/wechat-miniprogram-3.4.3.tgz"
  "version" "3.4.3"

"@vant/weapp@^1.11.0":
  "integrity" "sha512-4m0w6H6VSYOXmTcTaoZPlTMCF8+dD0MdccBvM8UGXACkT8xuYlSBzHcttr089hpVknaaGoYn2zub1l3bzIv2Uw=="
  "resolved" "https://registry.npmjs.org/@vant/weapp/-/weapp-1.11.0.tgz"
  "version" "1.11.0"

"jsbn@^1.1.0":
  "integrity" "sha512-4bYVV3aAMtDTTu4+xsDYa6sy9GyJ69/amsu9sYF2zqjiEoZA5xJi3BrfX3uY+/IekIu7MwdObdbDWpoZdBv3/A=="
  "resolved" "https://registry.npmjs.org/jsbn/-/jsbn-1.1.0.tgz"
  "version" "1.1.0"

"miniprogram-sm-crypto@^0.3.12":
  "integrity" "sha512-/Wani+gluE8mD3Q+6VeHTjooLD+mS0lo6kS9FIS3XSCh2m8z446sXrFtmENN6pJgh7iB2YJTyFiXgBihNt2/yw=="
  "resolved" "https://registry.npmjs.org/miniprogram-sm-crypto/-/miniprogram-sm-crypto-0.3.12.tgz"
  "version" "0.3.12"
  dependencies:
    "jsbn" "^1.1.0"

"mobx-miniprogram-bindings@^2.1.5":
  "integrity" "sha512-2HuiQL5FPgoYJ8XIMdw5iD6XT61LtsujaGyizbN845iZcsLmrKZiF0dKd4jQTSuC/6rGozqqhcy0sDc7qcpjYQ=="
  "resolved" "https://registry.npmjs.org/mobx-miniprogram-bindings/-/mobx-miniprogram-bindings-2.1.5.tgz"
  "version" "2.1.5"
  dependencies:
    "@types/wechat-miniprogram" "^3.4.0"

"mobx-miniprogram@^4.0.0", "mobx-miniprogram@^4.13.2":
  "integrity" "sha512-C3HtkqHCLKp35N2gXA80yFD6PNfSqwioPFmnjTQpBLrEqYm1F6yiWZ57CW+8FqgmR306mw6ZfsM5q7hSTHw8BQ=="
  "resolved" "https://registry.npmjs.org/mobx-miniprogram/-/mobx-miniprogram-4.13.2.tgz"
  "version" "4.13.2"

"weui-miniprogram@^1.2.10":
  "integrity" "sha512-BVT9zj4KBy55RcYaqqWigt23g0tuZAPeuxAo7Uv7G76/zuDMJbnnAmIj7kCwhSesMF8/7xLBt9J0r2GC1NzEPg=="
  "resolved" "https://registry.npmjs.org/weui-miniprogram/-/weui-miniprogram-1.2.10.tgz"
  "version" "1.2.10"
